// !$*UTF8*$!
{
	archiveVersion = 1;
	classes = {
	};
	objectVersion = 46;
	objects = {

/* Begin PBXBuildFile section */
		93F64AE615A88EBA00A28463 /* HotelManagement.1 in CopyFiles */ = {isa = PBXBuildFile; fileRef = 93F64AE515A88EBA00A28463 /* HotelManagement.1 */; };
		93F64AEF15A8973500A28463 /* HospitalManagement.cpp in Sources */ = {isa = PBXBuildFile; fileRef = 93F64AEE15A8973500A28463 /* HospitalManagement.cpp */; };
/* End PBXBuildFile section */

/* Begin PBXCopyFilesBuildPhase section */
		93F64ADD15A88EBA00A28463 /* CopyFiles */ = {
			isa = PBXCopyFilesBuildPhase;
			buildActionMask = 2147483647;
			dstPath = /usr/share/man/man1/;
			dstSubfolderSpec = 0;
			files = (
				93F64AE615A88EBA00A28463 /* HotelManagement.1 in CopyFiles */,
			);
			runOnlyForDeploymentPostprocessing = 1;
		};
/* End PBXCopyFilesBuildPhase section */

/* Begin PBXFileReference section */
		93F64ADF15A88EBA00A28463 /* HotelManagement */ = {isa = PBXFileReference; explicitFileType = "compiled.mach-o.executable"; includeInIndex = 0; path = HotelManagement; sourceTree = BUILT_PRODUCTS_DIR; };
		93F64AE515A88EBA00A28463 /* HotelManagement.1 */ = {isa = PBXFileReference; lastKnownFileType = text.man; path = HotelManagement.1; sourceTree = "<group>"; };
		93F64AEE15A8973500A28463 /* HospitalManagement.cpp */ = {isa = PBXFileReference; fileEncoding = 4; lastKnownFileType = sourcecode.cpp.cpp; path = HospitalManagement.cpp; sourceTree = "<group>"; };
/* End PBXFileReference section */

/* Begin PBXFrameworksBuildPhase section */
		93F64ADC15A88EBA00A28463 /* Frameworks */ = {
			isa = PBXFrameworksBuildPhase;
			buildActionMask = 2147483647;
			files = (
			);
			runOnlyForDeploymentPostprocessing = 0;
		};
/* End PBXFrameworksBuildPhase section */

/* Begin PBXGroup section */
		93F64AD415A88EB900A28463 = {
			isa = PBXGroup;
			children = (
				93F64AE215A88EBA00A28463 /* HotelManagement */,
				93F64AE015A88EBA00A28463 /* Products */,
			);
			sourceTree = "<group>";
		};
		93F64AE015A88EBA00A28463 /* Products */ = {
			isa = PBXGroup;
			children = (
				93F64ADF15A88EBA00A28463 /* HotelManagement */,
			);
			name = Products;
			sourceTree = "<group>";
		};
		93F64AE215A88EBA00A28463 /* HotelManagement */ = {
			isa = PBXGroup;
			children = (
				93F64AEE15A8973500A28463 /* HospitalManagement.cpp */,
				93F64AE515A88EBA00A28463 /* HotelManagement.1 */,
			);
			path = HotelManagement;
			sourceTree = "<group>";
		};
/* End PBXGroup section */

/* Begin PBXNativeTarget section */
		93F64ADE15A88EBA00A28463 /* HotelManagement */ = {
			isa = PBXNativeTarget;
			buildConfigurationList = 93F64AE915A88EBA00A28463 /* Build configuration list for PBXNativeTarget "HotelManagement" */;
			buildPhases = (
				93F64ADB15A88EBA00A28463 /* Sources */,
				93F64ADC15A88EBA00A28463 /* Frameworks */,
				93F64ADD15A88EBA00A28463 /* CopyFiles */,
			);
			buildRules = (
			);
			dependencies = (
			);
			name = HotelManagement;
			productName = HotelManagement;
			productReference = 93F64ADF15A88EBA00A28463 /* HotelManagement */;
			productType = "com.apple.product-type.tool";
		};
/* End PBXNativeTarget section */

/* Begin PBXProject section */
		93F64AD615A88EB900A28463 /* Project object */ = {
			isa = PBXProject;
			attributes = {
				ORGANIZATIONNAME = "Cornell University";
			};
			buildConfigurationList = 93F64AD915A88EB900A28463 /* Build configuration list for PBXProject "HotelManagement" */;
			compatibilityVersion = "Xcode 3.2";
			developmentRegion = English;
			hasScannedForEncodings = 0;
			knownRegions = (
				en,
			);
			mainGroup = 93F64AD415A88EB900A28463;
			productRefGroup = 93F64AE015A88EBA00A28463 /* Products */;
			projectDirPath = "";
			projectRoot = "";
			targets = (
				93F64ADE15A88EBA00A28463 /* HotelManagement */,
			);
		};
/* End PBXProject section */

/* Begin PBXSourcesBuildPhase section */
		93F64ADB15A88EBA00A28463 /* Sources */ = {
			isa = PBXSourcesBuildPhase;
			buildActionMask = 2147483647;
			files = (
				93F64AEF15A8973500A28463 /* HospitalManagement.cpp in Sources */,
			);
			runOnlyForDeploymentPostprocessing = 0;
		};
/* End PBXSourcesBuildPhase section */

/* Begin XCBuildConfiguration section */
		93F64AE715A88EBA00A28463 /* Debug */ = {
			isa = XCBuildConfiguration;
			buildSettings = {
				ALWAYS_SEARCH_USER_PATHS = NO;
				ARCHS = "$(ARCHS_STANDARD_64_BIT)";
				COPY_PHASE_STRIP = NO;
				GCC_C_LANGUAGE_STANDARD = gnu99;
				GCC_DYNAMIC_NO_PIC = NO;
				GCC_ENABLE_OBJC_EXCEPTIONS = YES;
				GCC_OPTIMIZATION_LEVEL = 0;
				GCC_PREPROCESSOR_DEFINITIONS = (
					"DEBUG=1",
					"$(inherited)",
				);
				GCC_SYMBOLS_PRIVATE_EXTERN = NO;
				GCC_VERSION = com.apple.compilers.llvm.clang.1_0;
				GCC_WARN_64_TO_32_BIT_CONVERSION = YES;
				GCC_WARN_ABOUT_MISSING_PROTOTYPES = YES;
				GCC_WARN_ABOUT_RETURN_TYPE = YES;
				GCC_WARN_UNUSED_VARIABLE = YES;
				MACOSX_DEPLOYMENT_TARGET = 10.7;
				ONLY_ACTIVE_ARCH = YES;
				SDKROOT = macosx;
			};
			name = Debug;
		};
		93F64AE815A88EBA00A28463 /* Release */ = {
			isa = XCBuildConfiguration;
			buildSettings = {
				ALWAYS_SEARCH_USER_PATHS = NO;
				ARCHS = "$(ARCHS_STANDARD_64_BIT)";
				COPY_PHASE_STRIP = YES;
				DEBUG_INFORMATION_FORMAT = "dwarf-with-dsym";
				GCC_C_LANGUAGE_STANDARD = gnu99;
				GCC_ENABLE_OBJC_EXCEPTIONS = YES;
				GCC_VERSION = com.apple.compilers.llvm.clang.1_0;
				GCC_WARN_64_TO_32_BIT_CONVERSION = YES;
				GCC_WARN_ABOUT_MISSING_PROTOTYPES = YES;
				GCC_WARN_ABOUT_RETURN_TYPE = YES;
				GCC_WARN_UNUSED_VARIABLE = YES;
				MACOSX_DEPLOYMENT_TARGET = 10.7;
				SDKROOT = macosx;
			};
			name = Release;
		};
		93F64AEA15A88EBA00A28463 /* Debug */ = {
			isa = XCBuildConfiguration;
			buildSettings = {
				PRODUCT_NAME = "$(TARGET_NAME)";
			};
			name = Debug;
		};
		93F64AEB15A88EBA00A28463 /* Release */ = {
			isa = XCBuildConfiguration;
			buildSettings = {
				PRODUCT_NAME = "$(TARGET_NAME)";
			};
			name = Release;
		};
/* End XCBuildConfiguration section */

/* Begin XCConfigurationList section */
		93F64AD915A88EB900A28463 /* Build configuration list for PBXProject "HotelManagement" */ = {
			isa = XCConfigurationList;
			buildConfigurations = (
				93F64AE715A88EBA00A28463 /* Debug */,
				93F64AE815A88EBA00A28463 /* Release */,
			);
			defaultConfigurationIsVisible = 0;
			defaultConfigurationName = Release;
		};
		93F64AE915A88EBA00A28463 /* Build configuration list for PBXNativeTarget "HotelManagement" */ = {
			isa = XCConfigurationList;
			buildConfigurations = (
				93F64AEA15A88EBA00A28463 /* Debug */,
				93F64AEB15A88EBA00A28463 /* Release */,
			);
			defaultConfigurationIsVisible = 0;
		};
/* End XCConfigurationList section */
	};
	rootObject = 93F64AD615A88EB900A28463 /* Project object */;
}
